Microsoft Visual Studio Solution File, Format Version 12.00
# Visual Studio Version 17
VisualStudioVersion = 17.5.2.0
MinimumVisualStudioVersion = 10.0.40219.1
Project("{FAE04EC0-301F-11D3-BF4B-00C04F79EFBC}") = "360Collect", "360Collect.csproj", "{5B7D5A16-FCF7-400C-FD7A-45E491E84D94}"
EndProject
Global
	GlobalSection(SolutionConfigurationPlatforms) = preSolution
		Debug|Any CPU = Debug|Any CPU
		Release|Any CPU = Release|Any CPU
	EndGlobalSection
	GlobalSection(ProjectConfigurationPlatforms) = postSolution
		{5B7D5A16-FCF7-400C-FD7A-45E491E84D94}.Debug|Any CPU.ActiveCfg = Debug|Any CPU
		{5B7D5A16-FCF7-400C-FD7A-45E491E84D94}.Debug|Any CPU.Build.0 = Debug|Any CPU
		{5B7D5A16-FCF7-400C-FD7A-45E491E84D94}.Release|Any CPU.ActiveCfg = Release|Any CPU
		{5B7D5A16-FCF7-400C-FD7A-45E491E84D94}.Release|Any CPU.Build.0 = Release|Any CPU
	EndGlobalSection
	GlobalSection(SolutionProperties) = preSolution
		HideSolutionNode = FALSE
	EndGlobalSection
	GlobalSection(ExtensibilityGlobals) = postSolution
		SolutionGuid = {C0521D21-E0DC-48C0-B8C7-4B78A167D31B}
	EndGlobalSection
EndGlobal
